{
  "nodes": {
    "apple-silicon-support": {
      "inputs": {
        "flake-compat": "flake-compat",
        "nixpkgs": [
          "nixpkgs"
        ]
      },
      "locked": {
        "lastModified": 1782374867,
        "narHash": "sha256-wgU8MdUzSH2ccq85xo80pP1PAFW+e5kzx6rofVO1Jsk=",
        "owner": "nix-community",
        "repo": "nixos-apple-silicon",
        "rev": "bf99497876c07bb945d5fc536916cdee4f3b9eb6",
        "type": "github"
      },
      "original": {
        "owner": "nix-community",
        "repo": "nixos-apple-silicon",
        "type": "github"
      }
    },
    "flake-compat": {
      "locked": {
        "lastModified": 1761640442,
        "narHash": "sha256-AtrEP6Jmdvrqiv4x2xa5mrtaIp3OEe8uBYCDZDS+hu8=",
        "owner": "nix-community",
        "repo": "flake-compat",
        "rev": "4a56054d8ffc173222d09dad23adf4ba946c8884",
        "type": "github"
      },
      "original": {
        "owner": "nix-community",
        "repo": "flake-compat",
        "type": "github"
      }
    },
    "flake-compat_2": {
      "flake": false,
      "locked": {
        "lastModified": 1767039857,
        "narHash": "sha256-vNpUSpF5Nuw8xvDLj2KCwwksIbjua2LZCqhV1LNRDns=",
        "owner": "NixOS",
        "repo": "flake-compat",
        "rev": "5edf11c44bc78a0d334f6334cdaf7d60d732daab",
        "type": "github"
      },
      "original": {
        "owner": "NixOS",
        "repo": "flake-compat",
        "type": "github"
      }
    },
    "flake-parts": {
      "inputs": {
        "nixpkgs-lib": [
          "neovim-nightly-overlay",
          "nixpkgs"
        ]
      },
      "locked": {
        "lastModified": 1778716662,
        "narHash": "sha256-m1Yf0wZ8j1OHjTc2UwHwyQRSnNeSgLJOd7q5Y45hzi4=",
        "owner": "hercules-ci",
        "repo": "flake-parts",
        "rev": "f7c1a2d347e4c52d5fb8d10cb4d94b5884e546fb",
        "type": "github"
      },
      "original": {
        "owner": "hercules-ci",
        "repo": "flake-parts",
        "type": "github"
      }
    },
    "flake-parts_2": {
      "inputs": {
        "nixpkgs-lib": "nixpkgs-lib"
      },
      "locked": {
        "lastModified": 1741352980,
        "narHash": "sha256-+u2UunDA4Cl5Fci3m7S643HzKmIDAe+fiXrLqYsR2fs=",
        "owner": "hercules-ci",
        "repo": "flake-parts",
        "rev": "f4330d22f1c5d2ba72d3d22df5597d123fdb60a9",
        "type": "github"
      },
      "original": {
        "owner": "hercules-ci",
        "repo": "flake-parts",
        "type": "github"
      }
    },
    "home-manager": {
      "inputs": {
        "nixpkgs": [
          "nixpkgs"
        ]
      },
      "locked": {
        "lastModified": 1782415272,
        "narHash": "sha256-Yt4nE/QSk1KRzOIMBK5/OOa7AH1Y0JbxNbgf5VTxQ6g=",
        "owner": "nix-community",
        "repo": "home-manager",
        "rev": "19d7472aca941c7e3d11e8a91d61be47d70c4ab5",
        "type": "github"
      },
      "original": {
        "owner": "nix-community",
        "ref": "master",
        "repo": "home-manager",
        "type": "github"
      }
    },
    "kolide-launcher": {
      "inputs": {
        "flake-compat": "flake-compat_2",
        "nixpkgs": [
          "nixpkgs"
        ]
      },
      "locked": {
        "lastModified": 1781011409,
        "narHash": "sha256-7snHaF2V0stM+KWKawR7BDjB8eRIWyDBwhQ0QICHB1U=",
        "owner": "kolide",
        "repo": "nix-agent",
        "rev": "0c254006ff10e2cf2930b7c2f44c78db4c7602b9",
        "type": "github"
      },
      "original": {
        "owner": "kolide",
        "ref": "main",
        "repo": "nix-agent",
        "type": "github"
      }
    },
    "namu-nvim": {
      "flake": false,
      "locked": {
        "lastModified": 1771343602,
        "narHash": "sha256-wwPTTAI0m0EcS2KrVG5ofsjo3AZ8VepYUFKlD+R6kKU=",
        "owner": "bassamsdata",
        "repo": "namu.nvim",
        "rev": "e7afbdf63a75ace6ccc6202d58a4f6f9ac09db92",
        "type": "github"
      },
      "original": {
        "owner": "bassamsdata",
        "repo": "namu.nvim",
        "type": "github"
      }
    },
    "neovim-nightly-overlay": {
      "inputs": {
        "flake-parts": "flake-parts",
        "neovim-src": "neovim-src",
        "nixpkgs": [
          "nixpkgs"
        ]
      },
      "locked": {
        "lastModified": 1782345864,
        "narHash": "sha256-ZGuchNjSz5g/SOgR8hY3nsaTTni7jUDp2MUwcEWnlxA=",
        "owner": "nix-community",
        "repo": "neovim-nightly-overlay",
        "rev": "5f14cc457beb9ced3d595096b716da7d751342ec",
        "type": "github"
      },
      "original": {
        "owner": "nix-community",
        "repo": "neovim-nightly-overlay",
        "type": "github"
      }
    },
    "neovim-src": {
      "flake": false,
      "locked": {
        "lastModified": 1782344409,
        "narHash": "sha256-TTqCSnxMt77GW5TfMf8J+OdRNnqosYs443RBpBwDKos=",
        "owner": "neovim",
        "repo": "neovim",
        "rev": "12ded1f36c2c47fa66ce62f29692392c448ea1e9",
        "type": "github"
      },
      "original": {
        "owner": "neovim",
        "repo": "neovim",
        "type": "github"
      }
    },
    "nix-darwin": {
      "inputs": {
        "nixpkgs": [
          "nixpkgs"
        ]
      },
      "locked": {
        "lastModified": 1781761792,
        "narHash": "sha256-rCPytmKNjctLloB6UgK5CRrHSwV4b0ygxtJLPPp8R14=",
        "owner": "LnL7",
        "repo": "nix-darwin",
        "rev": "a1fa429e945becaf60468600daf649be4ba0350c",
        "type": "github"
      },
      "original": {
        "owner": "LnL7",
        "repo": "nix-darwin",
        "type": "github"
      }
    },
    "nix-extra": {
      "flake": false,
      "locked": {
        "lastModified": 1765941653,
        "narHash": "sha256-Y7WvofkfNI+G44OTVyBHeZBsYwZUpFblpRttGDmTQGc=",
        "path": "/home/karl/src/nix-extra",
        "type": "path"
      },
      "original": {
        "path": "/home/karl/src/nix-extra",
        "type": "path"
      }
    },
    "nixpkgs": {
      "locked": {
        "lastModified": 1781577229,
        "narHash": "sha256-lrp67w8AulE9Ks53n27I45ADSzbOCn4H+CNW1Ck8B+8=",
        "owner": "NixOS",
        "repo": "nixpkgs",
        "rev": "567a49d1913ce81ac6e9582e3553dd90a955875f",
        "type": "github"
      },
      "original": {
        "owner": "NixOS",
        "ref": "nixos-unstable",
        "repo": "nixpkgs",
        "type": "github"
      }
    },
    "nixpkgs-lib": {
      "locked": {
        "lastModified": 1740877520,
        "narHash": "sha256-oiwv/ZK/2FhGxrCkQkB83i7GnWXPPLzoqFHpDD3uYpk=",
        "owner": "nix-community",
        "repo": "nixpkgs.lib",
        "rev": "147dee35aab2193b174e4c0868bd80ead5ce755c",
        "type": "github"
      },
      "original": {
        "owner": "nix-community",
        "repo": "nixpkgs.lib",
        "type": "github"
      }
    },
    "root": {
      "inputs": {
        "apple-silicon-support": "apple-silicon-support",
        "home-manager": "home-manager",
        "kolide-launcher": "kolide-launcher",
        "namu-nvim": "namu-nvim",
        "neovim-nightly-overlay": "neovim-nightly-overlay",
        "nix-darwin": "nix-darwin",
        "nix-extra": "nix-extra",
        "nixpkgs": "nixpkgs",
        "titdb": "titdb",
        "tree-sitter": "tree-sitter"
      }
    },
    "titdb": {
      "inputs": {
        "flake-parts": "flake-parts_2",
        "nixpkgs": [
          "nixpkgs"
        ]
      },
      "locked": {
        "lastModified": 1742463106,
        "narHash": "sha256-o4vaAc4iqn7VYzRgql28Ue57EIleaoroDGvV7OvPIL4=",
        "owner": "luqmanishere",
        "repo": "trackpad-is-too-damn-big-flake",
        "rev": "9712b426311195c8d3f0359c6086e1d651782d2e",
        "type": "github"
      },
      "original": {
        "owner": "luqmanishere",
        "repo": "trackpad-is-too-damn-big-flake",
        "rev": "9712b426311195c8d3f0359c6086e1d651782d2e",
        "type": "github"
      }
    },
    "tree-sitter": {
      "inputs": {
        "nixpkgs": [
          "nixpkgs"
        ]
      },
      "locked": {
        "lastModified": 1781670546,
        "narHash": "sha256-9ZwoLwau4lKp1/5fqZhJ2pNaI3YdoLs9UUbQylHU1r4=",
        "owner": "tree-sitter",
        "repo": "tree-sitter",
        "rev": "1ef1048d0567cacc0b74ad1a911b95f3de2b8c47",
        "type": "github"
      },
      "original": {
        "owner": "tree-sitter",
        "ref": "release-0.26",
        "repo": "tree-sitter",
        "type": "github"
      }
    }
  },
  "root": "root",
  "version": 7
}
