{
  "nodes": {
    "apple-silicon-support": {
      "inputs": {
        "flake-compat": "flake-compat",
        "nixpkgs": [
          "nixpkgs"
        ],
        "rust-overlay": [
          "rust-overlay"
        ]
      },
      "locked": {
        "lastModified": 1737610453,
        "narHash": "sha256-OLgl/kgjOmDFrkU04PlqVklXj1m9y8xF7xbD+blAdg8=",
        "owner": "tpwrules",
        "repo": "nixos-apple-silicon",
        "rev": "1f7bdbb82f6b9ec1d8d206e2c64d36f13bae91a1",
        "type": "github"
      },
      "original": {
        "owner": "tpwrules",
        "repo": "nixos-apple-silicon",
        "type": "github"
      }
    },
    "everforest-nvim": {
      "flake": false,
      "locked": {
        "lastModified": 1736421259,
        "narHash": "sha256-S4kAvjFAYASUnIsHTbP8mDKiJ5iTH9czZ9q2FUYajXk=",
        "owner": "neanias",
        "repo": "everforest-nvim",
        "rev": "616864c0c534b1eaf650ef913512dcde80ababfb",
        "type": "github"
      },
      "original": {
        "owner": "neanias",
        "repo": "everforest-nvim",
        "type": "github"
      }
    },
    "flake-compat": {
      "locked": {
        "lastModified": 1688025799,
        "narHash": "sha256-ktpB4dRtnksm9F5WawoIkEneh1nrEvuxb5lJFt1iOyw=",
        "owner": "nix-community",
        "repo": "flake-compat",
        "rev": "8bf105319d44f6b9f0d764efa4fdef9f1cc9ba1c",
        "type": "github"
      },
      "original": {
        "owner": "nix-community",
        "repo": "flake-compat",
        "type": "github"
      }
    },
    "flake-compat_2": {
      "flake": false,
      "locked": {
        "lastModified": 1733328505,
        "narHash": "sha256-NeCCThCEP3eCl2l/+27kNNK7QrwZB1IJCrXfrbv5oqU=",
        "owner": "edolstra",
        "repo": "flake-compat",
        "rev": "ff81ac966bb2cae68946d5ed5fc4994f96d0ffec",
        "type": "github"
      },
      "original": {
        "owner": "edolstra",
        "repo": "flake-compat",
        "type": "github"
      }
    },
    "flake-compat_3": {
      "flake": false,
      "locked": {
        "lastModified": 1696426674,
        "narHash": "sha256-kvjfFW7WAETZlt09AgDn1MrtKzP7t90Vf7vypd3OL1U=",
        "owner": "edolstra",
        "repo": "flake-compat",
        "rev": "0f9255e01c2351cc7d116c072cb317785dd33b33",
        "type": "github"
      },
      "original": {
        "owner": "edolstra",
        "repo": "flake-compat",
        "type": "github"
      }
    },
    "flake-parts": {
      "inputs": {
        "nixpkgs-lib": [
          "neovim-nightly-overlay",
          "nixpkgs"
        ]
      },
      "locked": {
        "lastModified": 1736143030,
        "narHash": "sha256-+hu54pAoLDEZT9pjHlqL9DNzWz0NbUn8NEAHP7PQPzU=",
        "owner": "hercules-ci",
        "repo": "flake-parts",
        "rev": "b905f6fc23a9051a6e1b741e1438dbfc0634c6de",
        "type": "github"
      },
      "original": {
        "owner": "hercules-ci",
        "repo": "flake-parts",
        "type": "github"
      }
    },
    "flake-parts_2": {
      "inputs": {
        "nixpkgs-lib": [
          "neovim-nightly-overlay",
          "hercules-ci-effects",
          "nixpkgs"
        ]
      },
      "locked": {
        "lastModified": 1736143030,
        "narHash": "sha256-+hu54pAoLDEZT9pjHlqL9DNzWz0NbUn8NEAHP7PQPzU=",
        "owner": "hercules-ci",
        "repo": "flake-parts",
        "rev": "b905f6fc23a9051a6e1b741e1438dbfc0634c6de",
        "type": "github"
      },
      "original": {
        "id": "flake-parts",
        "type": "indirect"
      }
    },
    "git-hooks": {
      "inputs": {
        "flake-compat": "flake-compat_3",
        "gitignore": "gitignore",
        "nixpkgs": [
          "neovim-nightly-overlay",
          "nixpkgs"
        ]
      },
      "locked": {
        "lastModified": 1737465171,
        "narHash": "sha256-R10v2hoJRLq8jcL4syVFag7nIGE7m13qO48wRIukWNg=",
        "owner": "cachix",
        "repo": "git-hooks.nix",
        "rev": "9364dc02281ce2d37a1f55b6e51f7c0f65a75f17",
        "type": "github"
      },
      "original": {
        "owner": "cachix",
        "repo": "git-hooks.nix",
        "type": "github"
      }
    },
    "gitignore": {
      "inputs": {
        "nixpkgs": [
          "neovim-nightly-overlay",
          "git-hooks",
          "nixpkgs"
        ]
      },
      "locked": {
        "lastModified": 1709087332,
        "narHash": "sha256-HG2cCnktfHsKV0s4XW83gU3F57gaTljL9KNSuG6bnQs=",
        "owner": "hercules-ci",
        "repo": "gitignore.nix",
        "rev": "637db329424fd7e46cf4185293b9cc8c88c95394",
        "type": "github"
      },
      "original": {
        "owner": "hercules-ci",
        "repo": "gitignore.nix",
        "type": "github"
      }
    },
    "hercules-ci-effects": {
      "inputs": {
        "flake-parts": "flake-parts_2",
        "nixpkgs": [
          "neovim-nightly-overlay",
          "nixpkgs"
        ]
      },
      "locked": {
        "lastModified": 1736917206,
        "narHash": "sha256-JTBWmyGf8K1Rwb+gviHIUzRJk/sITtT+72HXFkTZUjo=",
        "owner": "hercules-ci",
        "repo": "hercules-ci-effects",
        "rev": "afd0a42e8c61ebb56899315ee4084a8b2e4ff425",
        "type": "github"
      },
      "original": {
        "owner": "hercules-ci",
        "repo": "hercules-ci-effects",
        "type": "github"
      }
    },
    "home-manager": {
      "inputs": {
        "nixpkgs": [
          "nixpkgs"
        ]
      },
      "locked": {
        "lastModified": 1737669579,
        "narHash": "sha256-v9WQ3c4ctwPMfdBZMZxpdM9xXev4uChce4BxOpvsu0E=",
        "owner": "nix-community",
        "repo": "home-manager",
        "rev": "7b9ece1bf3c8780cde9b975b28c2d9ccd7e9cdb9",
        "type": "github"
      },
      "original": {
        "owner": "nix-community",
        "ref": "master",
        "repo": "home-manager",
        "type": "github"
      }
    },
    "lackluster-nvim": {
      "flake": false,
      "locked": {
        "lastModified": 1735469289,
        "narHash": "sha256-oZca/MfsYBW0Fa/yBUGXFZKxJ05DfDNeWj5XaOoU4Mo=",
        "owner": "slugbyte",
        "repo": "lackluster.nvim",
        "rev": "662fba7e6719b7afc155076385c00d79290bc347",
        "type": "github"
      },
      "original": {
        "owner": "slugbyte",
        "repo": "lackluster.nvim",
        "type": "github"
      }
    },
    "neovim-nightly-overlay": {
      "inputs": {
        "flake-compat": "flake-compat_2",
        "flake-parts": "flake-parts",
        "git-hooks": "git-hooks",
        "hercules-ci-effects": "hercules-ci-effects",
        "neovim-src": "neovim-src",
        "nixpkgs": [
          "nixpkgs"
        ],
        "treefmt-nix": "treefmt-nix"
      },
      "locked": {
        "lastModified": 1737701591,
        "narHash": "sha256-S71nENrb8kBrEvihDD+1mzn5sRrRr1sAaNMkjWDx1h0=",
        "owner": "nix-community",
        "repo": "neovim-nightly-overlay",
        "rev": "c9248eec123e70ef1132bbedeae22e2af7011095",
        "type": "github"
      },
      "original": {
        "owner": "nix-community",
        "repo": "neovim-nightly-overlay",
        "type": "github"
      }
    },
    "neovim-src": {
      "flake": false,
      "locked": {
        "lastModified": 1737675744,
        "narHash": "sha256-2Q4SNciK6DHC5WknFSbk3aYjorayf9y4uz3tdtl/T1M=",
        "owner": "neovim",
        "repo": "neovim",
        "rev": "8bc28978b632362ae658f8d4a6327e07a8b371b2",
        "type": "github"
      },
      "original": {
        "owner": "neovim",
        "repo": "neovim",
        "type": "github"
      }
    },
    "nix-darwin": {
      "inputs": {
        "nixpkgs": [
          "nixpkgs"
        ]
      },
      "locked": {
        "lastModified": 1737504076,
        "narHash": "sha256-/B4XJnzYU/6K1ZZOBIgsa3K4pqDJrnC2579c44c+4rI=",
        "owner": "LnL7",
        "repo": "nix-darwin",
        "rev": "65cc1fa8e36ceff067daf6cfb142331f02f524d3",
        "type": "github"
      },
      "original": {
        "owner": "LnL7",
        "repo": "nix-darwin",
        "type": "github"
      }
    },
    "nix-extra": {
      "flake": false,
      "locked": {
        "lastModified": 1714250463,
        "narHash": "sha256-Ia5PGTlFU24I/odNFmHt6pzWqOPiHo9N0MHqdFbr100=",
        "path": "/home/karl/src/nix-extra",
        "type": "path"
      },
      "original": {
        "path": "/home/karl/src/nix-extra",
        "type": "path"
      }
    },
    "nixpkgs": {
      "locked": {
        "lastModified": 1737469691,
        "narHash": "sha256-nmKOgAU48S41dTPIXAq0AHZSehWUn6ZPrUKijHAMmIk=",
        "owner": "NixOS",
        "repo": "nixpkgs",
        "rev": "9e4d5190a9482a1fb9d18adf0bdb83c6e506eaab",
        "type": "github"
      },
      "original": {
        "owner": "NixOS",
        "ref": "nixos-unstable",
        "repo": "nixpkgs",
        "type": "github"
      }
    },
    "root": {
      "inputs": {
        "apple-silicon-support": "apple-silicon-support",
        "everforest-nvim": "everforest-nvim",
        "home-manager": "home-manager",
        "lackluster-nvim": "lackluster-nvim",
        "neovim-nightly-overlay": "neovim-nightly-overlay",
        "nix-darwin": "nix-darwin",
        "nix-extra": "nix-extra",
        "nixpkgs": "nixpkgs",
        "rust-overlay": "rust-overlay",
        "vague-nvim": "vague-nvim"
      }
    },
    "rust-overlay": {
      "inputs": {
        "nixpkgs": [
          "nixpkgs"
        ]
      },
      "locked": {
        "lastModified": 1737685583,
        "narHash": "sha256-p+NVABRpGi+pT+xxf9HcLcFVxG6L+vEEy+NwzB9T0f8=",
        "owner": "oxalica",
        "repo": "rust-overlay",
        "rev": "eb64cbcc8eee0fa87ebded92805280d2ec97415a",
        "type": "github"
      },
      "original": {
        "owner": "oxalica",
        "repo": "rust-overlay",
        "type": "github"
      }
    },
    "treefmt-nix": {
      "inputs": {
        "nixpkgs": [
          "neovim-nightly-overlay",
          "nixpkgs"
        ]
      },
      "locked": {
        "lastModified": 1737483750,
        "narHash": "sha256-5An1wq5U8sNycOBBg3nsDDgpwBmR9liOpDGlhliA6Xo=",
        "owner": "numtide",
        "repo": "treefmt-nix",
        "rev": "f2cc121df15418d028a59c9737d38e3a90fbaf8f",
        "type": "github"
      },
      "original": {
        "owner": "numtide",
        "repo": "treefmt-nix",
        "type": "github"
      }
    },
    "vague-nvim": {
      "flake": false,
      "locked": {
        "lastModified": 1738519637,
        "narHash": "sha256-hMZ7duvgCa3VKlPfDi5J9ZsyBZNsn6mR9G9pPBtVrFo=",
        "owner": "vague2k",
        "repo": "vague.nvim",
        "rev": "8a33468ca4fc73adc1b111b19f89b7663fdfd137",
        "type": "github"
      },
      "original": {
        "owner": "vague2k",
        "repo": "vague.nvim",
        "type": "github"
      }
    }
  },
  "root": "root",
  "version": 7
}
